
Microsoft Visual Studio Solution File, Format Version 12.00
# Visual Studio 15
VisualStudioVersion = 15.0.28307.136
MinimumVisualStudioVersion = 10.0.40219.1
Project("{FAE04EC0-301F-11D3-BF4B-00C04F79EFBC}") = "Morpion", "Morpion\Morpion.csproj", "{3119CDE7-641D-478B-B060-E726BF36CC18}"
EndProject
Global
	GlobalSection(SolutionConfigurationPlatforms) = preSolution
		Debug|Any CPU = Debug|Any CPU
		Release|Any CPU = Release|Any CPU
	EndGlobalSection
	GlobalSection(ProjectConfigurationPlatforms) = postSolution
		{3119CDE7-641D-478B-B060-E726BF36CC18}.Debug|Any CPU.ActiveCfg = Debug|Any CPU
		{3119CDE7-641D-478B-B060-E726BF36CC18}.Debug|Any CPU.Build.0 = Debug|Any CPU
		{3119CDE7-641D-478B-B060-E726BF36CC18}.Release|Any CPU.ActiveCfg = Release|Any CPU
		{3119CDE7-641D-478B-B060-E726BF36CC18}.Release|Any CPU.Build.0 = Release|Any CPU
	EndGlobalSection
	GlobalSection(SolutionProperties) = preSolution
		HideSolutionNode = FALSE
	EndGlobalSection
	GlobalSection(ExtensibilityGlobals) = postSolution
		SolutionGuid = {38C9EBA9-435D-444E-ACE0-F9481AE870F0}
	EndGlobalSection
EndGlobal
